// !$*UTF8*$!
{
	archiveVersion = 1;
	classes = {
	};
	objectVersion = 46;
	objects = {

/* Begin PBXBuildFile section */
		0AAB04B91BB0A07E002D0219 /* main.m in Sources */ = {isa = PBXBuildFile; fileRef = 0AAB04B81BB0A07E002D0219 /* main.m */; };
		0AAB04BC1BB0A07E002D0219 /* AppDelegate.m in Sources */ = {isa = PBXBuildFile; fileRef = 0AAB04BB1BB0A07E002D0219 /* AppDelegate.m */; };
		0AAB04BF1BB0A07E002D0219 /* ViewController.m in Sources */ = {isa = PBXBuildFile; fileRef = 0AAB04BE1BB0A07E002D0219 /* ViewController.m */; };
		0AAB04C21BB0A07E002D0219 /* Main.storyboard in Resources */ = {isa = PBXBuildFile; fileRef = 0AAB04C01BB0A07E002D0219 /* Main.storyboard */; };
		0AAB04C41BB0A07E002D0219 /* Images.xcassets in Resources */ = {isa = PBXBuildFile; fileRef = 0AAB04C31BB0A07E002D0219 /* Images.xcassets */; };
		0AAB04C71BB0A07E002D0219 /* LaunchScreen.xib in Resources */ = {isa = PBXBuildFile; fileRef = 0AAB04C51BB0A07E002D0219 /* LaunchScreen.xib */; };
		0AAB04D31BB0A07E002D0219 /* exampleTests.m in Sources */ = {isa = PBXBuildFile; fileRef = 0AAB04D21BB0A07E002D0219 /* exampleTests.m */; };
/* End PBXBuildFile section */

/* Begin PBXContainerItemProxy section */
		0AAB04CD1BB0A07E002D0219 /* PBXContainerItemProxy */ = {
			isa = PBXContainerItemProxy;
			containerPortal = 0AAB04AB1BB0A07E002D0219 /* Project object */;
			proxyType = 1;
			remoteGlobalIDString = 0AAB04B21BB0A07E002D0219;
			remoteInfo = example;
		};
/* End PBXContainerItemProxy section */

/* Begin PBXFileReference section */
		0AAB04B31BB0A07E002D0219 /* example.app */ = {isa = PBXFileReference; explicitFileType = wrapper.application; includeInIndex = 0; path = example.app; sourceTree = BUILT_PRODUCTS_DIR; };
		0AAB04B71BB0A07E002D0219 /* Info.plist */ = {isa = PBXFileReference; lastKnownFileType = text.plist.xml; path = Info.plist; sourceTree = "<group>"; };
		0AAB04B81BB0A07E002D0219 /* main.m */ = {isa = PBXFileReference; lastKnownFileType = sourcecode.c.objc; path = main.m; sourceTree = "<group>"; };
		0AAB04BA1BB0A07E002D0219 /* AppDelegate.h */ = {isa = PBXFileReference; lastKnownFileType = sourcecode.c.h; path = AppDelegate.h; sourceTree = "<group>"; };
		0AAB04BB1BB0A07E002D0219 /* AppDelegate.m */ = {isa = PBXFileReference; lastKnownFileType = sourcecode.c.objc; path = AppDelegate.m; sourceTree = "<group>"; };
		0AAB04BD1BB0A07E002D0219 /* ViewController.h */ = {isa = PBXFileReference; lastKnownFileType = sourcecode.c.h; path = ViewController.h; sourceTree = "<group>"; };
		0AAB04BE1BB0A07E002D0219 /* ViewController.m */ = {isa = PBXFileReference; lastKnownFileType = sourcecode.c.objc; path = ViewController.m; sourceTree = "<group>"; };
		0AAB04C11BB0A07E002D0219 /* Base */ = {isa = PBXFileReference; lastKnownFileType = file.storyboard; name = Base; path = Base.lproj/Main.storyboard; sourceTree = "<group>"; };
		0AAB04C31BB0A07E002D0219 /* Images.xcassets */ = {isa = PBXFileReference; lastKnownFileType = folder.assetcatalog; path = Images.xcassets; sourceTree = "<group>"; };
		0AAB04C61BB0A07E002D0219 /* Base */ = {isa = PBXFileReference; lastKnownFileType = file.xib; name = Base; path = Base.lproj/LaunchScreen.xib; sourceTree = "<group>"; };
		0AAB04CC1BB0A07E002D0219 /* exampleTests.xctest */ = {isa = PBXFileReference; explicitFileType = wrapper.cfbundle; includeInIndex = 0; path = exampleTests.xctest; sourceTree = BUILT_PRODUCTS_DIR; };
		0AAB04D11BB0A07E002D0219 /* Info.plist */ = {isa = PBXFileReference; lastKnownFileType = text.plist.xml; path = Info.plist; sourceTree = "<group>"; };
		0AAB04D21BB0A07E002D0219 /* exampleTests.m */ = {isa = PBXFileReference; lastKnownFileType = sourcecode.c.objc; path = exampleTests.m; sourceTree = "<group>"; };
/* End PBXFileReference section */

/* Begin PBXFrameworksBuildPhase section */
		0AAB04B01BB0A07E002D0219 /* Frameworks */ = {
			isa = PBXFrameworksBuildPhase;
			buildActionMask = 2147483647;
			files = (
			);
			runOnlyForDeploymentPostprocessing = 0;
		};
		0AAB04C91BB0A07E002D0219 /* Frameworks */ = {
			isa = PBXFrameworksBuildPhase;
			buildActionMask = 2147483647;
			files = (
			);
			runOnlyForDeploymentPostprocessing = 0;
		};
/* End PBXFrameworksBuildPhase section */

/* Begin PBXGroup section */
		0AAB04AA1BB0A07E002D0219 = {
			isa = PBXGroup;
			children = (
				0AAB04B51BB0A07E002D0219 /* example */,
				0AAB04CF1BB0A07E002D0219 /* exampleTests */,
				0AAB04B41BB0A07E002D0219 /* Products */,
			);
			sourceTree = "<group>";
		};
		0AAB04B41BB0A07E002D0219 /* Products */ = {
			isa = PBXGroup;
			children = (
				0AAB04B31BB0A07E002D0219 /* example.app */,
				0AAB04CC1BB0A07E002D0219 /* exampleTests.xctest */,
			);
			name = Products;
			sourceTree = "<group>";
		};
		0AAB04B51BB0A07E002D0219 /* example */ = {
			isa = PBXGroup;
			children = (
				0AAB04BA1BB0A07E002D0219 /* AppDelegate.h */,
				0AAB04BB1BB0A07E002D0219 /* AppDelegate.m */,
				0AAB04BD1BB0A07E002D0219 /* ViewController.h */,
				0AAB04BE1BB0A07E002D0219 /* ViewController.m */,
				0AAB04C01BB0A07E002D0219 /* Main.storyboard */,
				0AAB04C31BB0A07E002D0219 /* Images.xcassets */,
				0AAB04C51BB0A07E002D0219 /* LaunchScreen.xib */,
				0AAB04B61BB0A07E002D0219 /* Supporting Files */,
			);
			path = example;
			sourceTree = "<group>";
		};
		0AAB04B61BB0A07E002D0219 /* Supporting Files */ = {
			isa = PBXGroup;
			children = (
				0AAB04B71BB0A07E002D0219 /* Info.plist */,
				0AAB04B81BB0A07E002D0219 /* main.m */,
			);
			name = "Supporting Files";
			sourceTree = "<group>";
		};
		0AAB04CF1BB0A07E002D0219 /* exampleTests */ = {
			isa = PBXGroup;
			children = (
				0AAB04D21BB0A07E002D0219 /* exampleTests.m */,
				0AAB04D01BB0A07E002D0219 /* Supporting Files */,
			);
			path = exampleTests;
			sourceTree = "<group>";
		};
		0AAB04D01BB0A07E002D0219 /* Supporting Files */ = {
			isa = PBXGroup;
			children = (
				0AAB04D11BB0A07E002D0219 /* Info.plist */,
			);
			name = "Supporting Files";
			sourceTree = "<group>";
		};
/* End PBXGroup section */

/* Begin PBXNativeTarget section */
		0AAB04B21BB0A07E002D0219 /* example */ = {
			isa = PBXNativeTarget;
			buildConfigurationList = 0AAB04D61BB0A07E002D0219 /* Build configuration list for PBXNativeTarget "example" */;
			buildPhases = (
				0AAB04AF1BB0A07E002D0219 /* Sources */,
				0AAB04B01BB0A07E002D0219 /* Frameworks */,
				0AAB04B11BB0A07E002D0219 /* Resources */,
			);
			buildRules = (
			);
			dependencies = (
			);
			name = example;
			productName = example;
			productReference = 0AAB04B31BB0A07E002D0219 /* example.app */;
			productType = "com.apple.product-type.application";
		};
		0AAB04CB1BB0A07E002D0219 /* exampleTests */ = {
			isa = PBXNativeTarget;
			buildConfigurationList = 0AAB04D91BB0A07E002D0219 /* Build configuration list for PBXNativeTarget "exampleTests" */;
			buildPhases = (
				0AAB04C81BB0A07E002D0219 /* Sources */,
				0AAB04C91BB0A07E002D0219 /* Frameworks */,
				0AAB04CA1BB0A07E002D0219 /* Resources */,
			);
			buildRules = (
			);
			dependencies = (
				0AAB04CE1BB0A07E002D0219 /* PBXTargetDependency */,
			);
			name = exampleTests;
			productName = exampleTests;
			productReference = 0AAB04CC1BB0A07E002D0219 /* exampleTests.xctest */;
			productType = "com.apple.product-type.bundle.unit-test";
		};
/* End PBXNativeTarget section */

/* Begin PBXProject section */
		0AAB04AB1BB0A07E002D0219 /* Project object */ = {
			isa = PBXProject;
			attributes = {
				LastUpgradeCheck = 0640;
				ORGANIZATIONNAME = kevinrohling;
				TargetAttributes = {
					0AAB04B21BB0A07E002D0219 = {
						CreatedOnToolsVersion = 6.4;
					};
					0AAB04CB1BB0A07E002D0219 = {
						CreatedOnToolsVersion = 6.4;
						TestTargetID = 0AAB04B21BB0A07E002D0219;
					};
				};
			};
			buildConfigurationList = 0AAB04AE1BB0A07E002D0219 /* Build configuration list for PBXProject "example" */;
			compatibilityVersion = "Xcode 3.2";
			developmentRegion = English;
			hasScannedForEncodings = 0;
			knownRegions = (
				en,
				Base,
			);
			mainGroup = 0AAB04AA1BB0A07E002D0219;
			productRefGroup = 0AAB04B41BB0A07E002D0219 /* Products */;
			projectDirPath = "";
			projectRoot = "";
			targets = (
				0AAB04B21BB0A07E002D0219 /* example */,
				0AAB04CB1BB0A07E002D0219 /* exampleTests */,
			);
		};
/* End PBXProject section */

/* Begin PBXResourcesBuildPhase section */
		0AAB04B11BB0A07E002D0219 /* Resources */ = {
			isa = PBXResourcesBuildPhase;
			buildActionMask = 2147483647;
			files = (
				0AAB04C21BB0A07E002D0219 /* Main.storyboard in Resources */,
				0AAB04C71BB0A07E002D0219 /* LaunchScreen.xib in Resources */,
				0AAB04C41BB0A07E002D0219 /* Images.xcassets in Resources */,
			);
			runOnlyForDeploymentPostprocessing = 0;
		};
		0AAB04CA1BB0A07E002D0219 /* Resources */ = {
			isa = PBXResourcesBuildPhase;
			buildActionMask = 2147483647;
			files = (
			);
			runOnlyForDeploymentPostprocessing = 0;
		};
/* End PBXResourcesBuildPhase section */

/* Begin PBXSourcesBuildPhase section */
		0AAB04AF1BB0A07E002D0219 /* Sources */ = {
			isa = PBXSourcesBuildPhase;
			buildActionMask = 2147483647;
			files = (
				0AAB04BF1BB0A07E002D0219 /* ViewController.m in Sources */,
				0AAB04BC1BB0A07E002D0219 /* AppDelegate.m in Sources */,
				0AAB04B91BB0A07E002D0219 /* main.m in Sources */,
			);
			runOnlyForDeploymentPostprocessing = 0;
		};
		0AAB04C81BB0A07E002D0219 /* Sources */ = {
			isa = PBXSourcesBuildPhase;
			buildActionMask = 2147483647;
			files = (
				0AAB04D31BB0A07E002D0219 /* exampleTests.m in Sources */,
			);
			runOnlyForDeploymentPostprocessing = 0;
		};
/* End PBXSourcesBuildPhase section */

/* Begin PBXTargetDependency section */
		0AAB04CE1BB0A07E002D0219 /* PBXTargetDependency */ = {
			isa = PBXTargetDependency;
			target = 0AAB04B21BB0A07E002D0219 /* example */;
			targetProxy = 0AAB04CD1BB0A07E002D0219 /* PBXContainerItemProxy */;
		};
/* End PBXTargetDependency section */

/* Begin PBXVariantGroup section */
		0AAB04C01BB0A07E002D0219 /* Main.storyboard */ = {
			isa = PBXVariantGroup;
			children = (
				0AAB04C11BB0A07E002D0219 /* Base */,
			);
			name = Main.storyboard;
			sourceTree = "<group>";
		};
		0AAB04C51BB0A07E002D0219 /* LaunchScreen.xib */ = {
			isa = PBXVariantGroup;
			children = (
				0AAB04C61BB0A07E002D0219 /* Base */,
			);
			name = LaunchScreen.xib;
			sourceTree = "<group>";
		};
/* End PBXVariantGroup section */

/* Begin XCBuildConfiguration section */
		0AAB04D41BB0A07E002D0219 /* Debug */ = {
			isa = XCBuildConfiguration;
			buildSettings = {
				ALWAYS_SEARCH_USER_PATHS = NO;
				CLANG_CXX_LANGUAGE_STANDARD = "gnu++0x";
				CLANG_CXX_LIBRARY = "libc++";
				CLANG_ENABLE_MODULES = YES;
				CLANG_ENABLE_OBJC_ARC = YES;
				CLANG_WARN_BOOL_CONVERSION = YES;
				CLANG_WARN_CONSTANT_CONVERSION = YES;
				CLANG_WARN_DIRECT_OBJC_ISA_USAGE = YES_ERROR;
				CLANG_WARN_EMPTY_BODY = YES;
				CLANG_WARN_ENUM_CONVERSION = YES;
				CLANG_WARN_INT_CONVERSION = YES;
				CLANG_WARN_OBJC_ROOT_CLASS = YES_ERROR;
				CLANG_WARN_UNREACHABLE_CODE = YES;
				CLANG_WARN__DUPLICATE_METHOD_MATCH = YES;
				"CODE_SIGN_IDENTITY[sdk=iphoneos*]" = "iPhone Developer";
				COPY_PHASE_STRIP = NO;
				DEBUG_INFORMATION_FORMAT = "dwarf-with-dsym";
				ENABLE_STRICT_OBJC_MSGSEND = YES;
				GCC_C_LANGUAGE_STANDARD = gnu99;
				GCC_DYNAMIC_NO_PIC = NO;
				GCC_NO_COMMON_BLOCKS = YES;
				GCC_OPTIMIZATION_LEVEL = 0;
				GCC_PREPROCESSOR_DEFINITIONS = (
					"DEBUG=1",
					"$(inherited)",
				);
				GCC_SYMBOLS_PRIVATE_EXTERN = NO;
				GCC_WARN_64_TO_32_BIT_CONVERSION = YES;
				GCC_WARN_ABOUT_RETURN_TYPE = YES_ERROR;
				GCC_WARN_UNDECLARED_SELECTOR = YES;
				GCC_WARN_UNINITIALIZED_AUTOS = YES_AGGRESSIVE;
				GCC_WARN_UNUSED_FUNCTION = YES;
				GCC_WARN_UNUSED_VARIABLE = YES;
				IPHONEOS_DEPLOYMENT_TARGET = 8.4;
				MTL_ENABLE_DEBUG_INFO = YES;
				ONLY_ACTIVE_ARCH = YES;
				SDKROOT = iphoneos;
				TARGETED_DEVICE_FAMILY = "1,2";
			};
			name = Debug;
		};
		0AAB04D51BB0A07E002D0219 /* Release */ = {
			isa = XCBuildConfiguration;
			buildSettings = {
				ALWAYS_SEARCH_USER_PATHS = NO;
				CLANG_CXX_LANGUAGE_STANDARD = "gnu++0x";
				CLANG_CXX_LIBRARY = "libc++";
				CLANG_ENABLE_MODULES = YES;
				CLANG_ENABLE_OBJC_ARC = YES;
				CLANG_WARN_BOOL_CONVERSION = YES;
				CLANG_WARN_CONSTANT_CONVERSION = YES;
				CLANG_WARN_DIRECT_OBJC_ISA_USAGE = YES_ERROR;
				CLANG_WARN_EMPTY_BODY = YES;
				CLANG_WARN_ENUM_CONVERSION = YES;
				CLANG_WARN_INT_CONVERSION = YES;
				CLANG_WARN_OBJC_ROOT_CLASS = YES_ERROR;
				CLANG_WARN_UNREACHABLE_CODE = YES;
				CLANG_WARN__DUPLICATE_METHOD_MATCH = YES;
				"CODE_SIGN_IDENTITY[sdk=iphoneos*]" = "iPhone Developer";
				COPY_PHASE_STRIP = NO;
				DEBUG_INFORMATION_FORMAT = "dwarf-with-dsym";
				ENABLE_NS_ASSERTIONS = NO;
				ENABLE_STRICT_OBJC_MSGSEND = YES;
				GCC_C_LANGUAGE_STANDARD = gnu99;
				GCC_NO_COMMON_BLOCKS = YES;
				GCC_WARN_64_TO_32_BIT_CONVERSION = YES;
				GCC_WARN_ABOUT_RETURN_TYPE = YES_ERROR;
				GCC_WARN_UNDECLARED_SELECTOR = YES;
				GCC_WARN_UNINITIALIZED_AUTOS = YES_AGGRESSIVE;
				GCC_WARN_UNUSED_FUNCTION = YES;
				GCC_WARN_UNUSED_VARIABLE = YES;
				IPHONEOS_DEPLOYMENT_TARGET = 8.4;
				MTL_ENABLE_DEBUG_INFO = NO;
				SDKROOT = iphoneos;
				TARGETED_DEVICE_FAMILY = "1,2";
				VALIDATE_PRODUCT = YES;
			};
			name = Release;
		};
		0AAB04D71BB0A07E002D0219 /* Debug */ = {
			isa = XCBuildConfiguration;
			buildSettings = {
				ASSETCATALOG_COMPILER_APPICON_NAME = AppIcon;
				INFOPLIST_FILE = example/Info.plist;
				LD_RUNPATH_SEARCH_PATHS = "$(inherited) @executable_path/Frameworks";
				PRODUCT_NAME = "$(TARGET_NAME)";
			};
			name = Debug;
		};
		0AAB04D81BB0A07E002D0219 /* Release */ = {
			isa = XCBuildConfiguration;
			buildSettings = {
				ASSETCATALOG_COMPILER_APPICON_NAME = AppIcon;
				INFOPLIST_FILE = example/Info.plist;
				LD_RUNPATH_SEARCH_PATHS = "$(inherited) @executable_path/Frameworks";
				PRODUCT_NAME = "$(TARGET_NAME)";
			};
			name = Release;
		};
		0AAB04DA1BB0A07E002D0219 /* Debug */ = {
			isa = XCBuildConfiguration;
			buildSettings = {
				BUNDLE_LOADER = "$(TEST_HOST)";
				FRAMEWORK_SEARCH_PATHS = (
					"$(SDKROOT)/Developer/Library/Frameworks",
					"$(inherited)",
				);
				GCC_PREPROCESSOR_DEFINITIONS = (
					"DEBUG=1",
					"$(inherited)",
				);
				INFOPLIST_FILE = exampleTests/Info.plist;
				LD_RUNPATH_SEARCH_PATHS = "$(inherited) @executable_path/Frameworks @loader_path/Frameworks";
				PRODUCT_NAME = "$(TARGET_NAME)";
				TEST_HOST = "$(BUILT_PRODUCTS_DIR)/example.app/example";
			};
			name = Debug;
		};
		0AAB04DB1BB0A07E002D0219 /* Release */ = {
			isa = XCBuildConfiguration;
			buildSettings = {
				BUNDLE_LOADER = "$(TEST_HOST)";
				FRAMEWORK_SEARCH_PATHS = (
					"$(SDKROOT)/Developer/Library/Frameworks",
					"$(inherited)",
				);
				INFOPLIST_FILE = exampleTests/Info.plist;
				LD_RUNPATH_SEARCH_PATHS = "$(inherited) @executable_path/Frameworks @loader_path/Frameworks";
				PRODUCT_NAME = "$(TARGET_NAME)";
				TEST_HOST = "$(BUILT_PRODUCTS_DIR)/example.app/example";
			};
			name = Release;
		};
/* End XCBuildConfiguration section */

/* Begin XCConfigurationList section */
		0AAB04AE1BB0A07E002D0219 /* Build configuration list for PBXProject "example" */ = {
			isa = XCConfigurationList;
			buildConfigurations = (
				0AAB04D41BB0A07E002D0219 /* Debug */,
				0AAB04D51BB0A07E002D0219 /* Release */,
			);
			defaultConfigurationIsVisible = 0;
			defaultConfigurationName = Release;
		};
		0AAB04D61BB0A07E002D0219 /* Build configuration list for PBXNativeTarget "example" */ = {
			isa = XCConfigurationList;
			buildConfigurations = (
				0AAB04D71BB0A07E002D0219 /* Debug */,
				0AAB04D81BB0A07E002D0219 /* Release */,
			);
			defaultConfigurationIsVisible = 0;
		};
		0AAB04D91BB0A07E002D0219 /* Build configuration list for PBXNativeTarget "exampleTests" */ = {
			isa = XCConfigurationList;
			buildConfigurations = (
				0AAB04DA1BB0A07E002D0219 /* Debug */,
				0AAB04DB1BB0A07E002D0219 /* Release */,
			);
			defaultConfigurationIsVisible = 0;
		};
/* End XCConfigurationList section */
	};
	rootObject = 0AAB04AB1BB0A07E002D0219 /* Project object */;
}
